
Microsoft Visual Studio Solution File, Format Version 12.00
# Visual Studio 2017
Project("{FAE04EC0-301F-11D3-BF4B-00C04F79EFBC}") = "VR Shop", "VR Shop.csproj", "{B777DDDE-AF27-3AF9-ABD0-C70679022C40}"
EndProject
Project("{FAE04EC0-301F-11D3-BF4B-00C04F79EFBC}") = "VR Shop.Editor", "VR Shop.Editor.csproj", "{6FD8AC48-6E10-BDCD-10C4-E05919B65404}"
EndProject
Global
	GlobalSection(SolutionConfigurationPlatforms) = preSolution
		Debug|Any CPU = Debug|Any CPU
		Release|Any CPU = Release|Any CPU
	EndGlobalSection
	GlobalSection(ProjectConfigurationPlatforms) = postSolution
		{B777DDDE-AF27-3AF9-ABD0-C70679022C40}.Debug|Any CPU.ActiveCfg = Debug|Any CPU
		{B777DDDE-AF27-3AF9-ABD0-C70679022C40}.Debug|Any CPU.Build.0 = Debug|Any CPU
		{B777DDDE-AF27-3AF9-ABD0-C70679022C40}.Release|Any CPU.ActiveCfg = Release|Any CPU
		{B777DDDE-AF27-3AF9-ABD0-C70679022C40}.Release|Any CPU.Build.0 = Release|Any CPU
		{6FD8AC48-6E10-BDCD-10C4-E05919B65404}.Debug|Any CPU.ActiveCfg = Debug|Any CPU
		{6FD8AC48-6E10-BDCD-10C4-E05919B65404}.Debug|Any CPU.Build.0 = Debug|Any CPU
		{6FD8AC48-6E10-BDCD-10C4-E05919B65404}.Release|Any CPU.ActiveCfg = Release|Any CPU
		{6FD8AC48-6E10-BDCD-10C4-E05919B65404}.Release|Any CPU.Build.0 = Release|Any CPU
	EndGlobalSection
	GlobalSection(SolutionProperties) = preSolution
		HideSolutionNode = FALSE
	EndGlobalSection
EndGlobal
